// !$*UTF8*$!
{
	archiveVersion = 1;
	classes = {
	};
	objectVersion = 50;
	objects = {

/* Begin PBXBuildFile section */
		600A534D22CAFF8600F0D552 /* AppDelegate.swift in Sources */ = {isa = PBXBuildFile; fileRef = 600A534C22CAFF8600F0D552 /* AppDelegate.swift */; };
		600A534F22CAFF8600F0D552 /* ViewController.swift in Sources */ = {isa = PBXBuildFile; fileRef = 600A534E22CAFF8600F0D552 /* ViewController.swift */; };
		600A535222CAFF8600F0D552 /* Main.storyboard in Resources */ = {isa = PBXBuildFile; fileRef = 600A535022CAFF8600F0D552 /* Main.storyboard */; };
		600A535422CAFF8800F0D552 /* Assets.xcassets in Resources */ = {isa = PBXBuildFile; fileRef = 600A535322CAFF8800F0D552 /* Assets.xcassets */; };
		600A535722CAFF8800F0D552 /* LaunchScreen.storyboard in Resources */ = {isa = PBXBuildFile; fileRef = 600A535522CAFF8800F0D552 /* LaunchScreen.storyboard */; };
		60268C6F22DE922D00D6C6CF /* InfoPlist.strings in Resources */ = {isa = PBXBuildFile; fileRef = 60268C7122DE922D00D6C6CF /* InfoPlist.strings */; };
		6050720222CBEA7C00308960 /* assets in Resources */ = {isa = PBXBuildFile; fileRef = 604F154422A7656B00BE6672 /* assets */; };
/* End PBXBuildFile section */

/* Begin PBXFileReference section */
		600A534322CAF33200F0D552 /* en */ = {isa = PBXFileReference; lastKnownFileType = text.plist.xml; name = en; path = en.lproj/Info.plist; sourceTree = "<group>"; };
		600A534A22CAFF8600F0D552 /* xgreek.app */ = {isa = PBXFileReference; explicitFileType = wrapper.application; includeInIndex = 0; path = xgreek.app; sourceTree = BUILT_PRODUCTS_DIR; };
		600A534C22CAFF8600F0D552 /* AppDelegate.swift */ = {isa = PBXFileReference; lastKnownFileType = sourcecode.swift; path = AppDelegate.swift; sourceTree = "<group>"; };
		600A534E22CAFF8600F0D552 /* ViewController.swift */ = {isa = PBXFileReference; lastKnownFileType = sourcecode.swift; path = ViewController.swift; sourceTree = "<group>"; };
		600A535122CAFF8600F0D552 /* Base */ = {isa = PBXFileReference; lastKnownFileType = file.storyboard; name = Base; path = Base.lproj/Main.storyboard; sourceTree = "<group>"; };
		600A535322CAFF8800F0D552 /* Assets.xcassets */ = {isa = PBXFileReference; lastKnownFileType = folder.assetcatalog; path = Assets.xcassets; sourceTree = "<group>"; };
		600A535622CAFF8800F0D552 /* Base */ = {isa = PBXFileReference; lastKnownFileType = file.storyboard; name = Base; path = Base.lproj/LaunchScreen.storyboard; sourceTree = "<group>"; };
		600A535822CAFF8800F0D552 /* Info.plist */ = {isa = PBXFileReference; lastKnownFileType = text.plist.xml; path = Info.plist; sourceTree = "<group>"; };
		60268C6222DE8DEA00D6C6CF /* en */ = {isa = PBXFileReference; lastKnownFileType = text.plist.strings; name = en; path = en.lproj/LaunchScreen.strings; sourceTree = "<group>"; };
		60268C6322DE8FD600D6C6CF /* zh-Hant */ = {isa = PBXFileReference; lastKnownFileType = text.plist.strings; name = "zh-Hant"; path = "zh-Hant.lproj/Main.strings"; sourceTree = "<group>"; };
		60268C6422DE8FD800D6C6CF /* zh-Hant */ = {isa = PBXFileReference; lastKnownFileType = text.plist.strings; name = "zh-Hant"; path = "zh-Hant.lproj/LaunchScreen.strings"; sourceTree = "<group>"; };
		60268C6522DE8FD900D6C6CF /* zh-Hant */ = {isa = PBXFileReference; lastKnownFileType = text.plist.strings; name = "zh-Hant"; path = "zh-Hant.lproj/Main.strings"; sourceTree = "<group>"; };
		60268C6622DE8FDA00D6C6CF /* zh-Hant */ = {isa = PBXFileReference; lastKnownFileType = text.plist.strings; name = "zh-Hant"; path = "zh-Hant.lproj/LaunchScreen.strings"; sourceTree = "<group>"; };
		60268C6722DE8FDC00D6C6CF /* zh-Hant */ = {isa = PBXFileReference; lastKnownFileType = text.plist.xml; name = "zh-Hant"; path = "zh-Hant.lproj/Info.plist"; sourceTree = "<group>"; };
		60268C6822DE900A00D6C6CF /* zh-Hans */ = {isa = PBXFileReference; lastKnownFileType = text.plist.strings; name = "zh-Hans"; path = "zh-Hans.lproj/Main.strings"; sourceTree = "<group>"; };
		60268C6922DE900C00D6C6CF /* zh-Hans */ = {isa = PBXFileReference; lastKnownFileType = text.plist.strings; name = "zh-Hans"; path = "zh-Hans.lproj/LaunchScreen.strings"; sourceTree = "<group>"; };
		60268C6A22DE900D00D6C6CF /* zh-Hans */ = {isa = PBXFileReference; lastKnownFileType = text.plist.strings; name = "zh-Hans"; path = "zh-Hans.lproj/Main.strings"; sourceTree = "<group>"; };
		60268C6B22DE900F00D6C6CF /* zh-Hans */ = {isa = PBXFileReference; lastKnownFileType = text.plist.strings; name = "zh-Hans"; path = "zh-Hans.lproj/LaunchScreen.strings"; sourceTree = "<group>"; };
		60268C6C22DE901000D6C6CF /* zh-Hans */ = {isa = PBXFileReference; lastKnownFileType = text.plist.xml; name = "zh-Hans"; path = "zh-Hans.lproj/Info.plist"; sourceTree = "<group>"; };
		60268C7022DE922D00D6C6CF /* zh-Hant */ = {isa = PBXFileReference; lastKnownFileType = text.plist.strings; name = "zh-Hant"; path = "zh-Hant.lproj/InfoPlist.strings"; sourceTree = "<group>"; };
		60268C7222DE924500D6C6CF /* zh-Hans */ = {isa = PBXFileReference; lastKnownFileType = text.plist.strings; name = "zh-Hans"; path = "zh-Hans.lproj/InfoPlist.strings"; sourceTree = "<group>"; };
		604F154422A7656B00BE6672 /* assets */ = {isa = PBXFileReference; lastKnownFileType = folder; name = assets; path = /Users/minchu/OneDrive/assets; sourceTree = "<absolute>"; };
		FA6ADA66212B400400CCA326 /* AppDelegate.swift */ = {isa = PBXFileReference; lastKnownFileType = sourcecode.swift; path = AppDelegate.swift; sourceTree = "<group>"; };
		FA6ADA68212B400400CCA326 /* ViewController.swift */ = {isa = PBXFileReference; lastKnownFileType = sourcecode.swift; path = ViewController.swift; sourceTree = "<group>"; };
		FA6ADA6B212B400400CCA326 /* Base */ = {isa = PBXFileReference; lastKnownFileType = file.storyboard; name = Base; path = Base.lproj/Main.storyboard; sourceTree = "<group>"; };
		FA6ADA6D212B400500CCA326 /* Assets.xcassets */ = {isa = PBXFileReference; lastKnownFileType = folder.assetcatalog; path = Assets.xcassets; sourceTree = "<group>"; };
		FA6ADA70212B400500CCA326 /* Base */ = {isa = PBXFileReference; lastKnownFileType = file.storyboard; name = Base; path = Base.lproj/LaunchScreen.storyboard; sourceTree = "<group>"; };
		FA6ADA7B212B400500CCA326 /* xgreekTests.swift */ = {isa = PBXFileReference; lastKnownFileType = sourcecode.swift; path = xgreekTests.swift; sourceTree = "<group>"; };
		FA6ADA7D212B400500CCA326 /* Info.plist */ = {isa = PBXFileReference; lastKnownFileType = text.plist.xml; path = Info.plist; sourceTree = "<group>"; };
		FA6ADA86212B400600CCA326 /* xgreekUITests.swift */ = {isa = PBXFileReference; lastKnownFileType = sourcecode.swift; path = xgreekUITests.swift; sourceTree = "<group>"; };
		FA6ADA88212B400600CCA326 /* Info.plist */ = {isa = PBXFileReference; lastKnownFileType = text.plist.xml; path = Info.plist; sourceTree = "<group>"; };
		FA73F4A52131A33200CDFF13 /* xgreek.entitlements */ = {isa = PBXFileReference; lastKnownFileType = text.plist.entitlements; path = xgreek.entitlements; sourceTree = "<group>"; };
/* End PBXFileReference section */

/* Begin PBXFrameworksBuildPhase section */
		600A534722CAFF8600F0D552 /* Frameworks */ = {
			isa = PBXFrameworksBuildPhase;
			buildActionMask = 2147483647;
			files = (
			);
			runOnlyForDeploymentPostprocessing = 0;
		};
/* End PBXFrameworksBuildPhase section */

/* Begin PBXGroup section */
		600A534B22CAFF8600F0D552 /* xgreek */ = {
			isa = PBXGroup;
			children = (
				600A534C22CAFF8600F0D552 /* AppDelegate.swift */,
				600A534E22CAFF8600F0D552 /* ViewController.swift */,
				600A535022CAFF8600F0D552 /* Main.storyboard */,
				600A535322CAFF8800F0D552 /* Assets.xcassets */,
				600A535522CAFF8800F0D552 /* LaunchScreen.storyboard */,
				600A535822CAFF8800F0D552 /* Info.plist */,
			);
			path = xgreek;
			sourceTree = "<group>";
		};
		FA01603C214D9B35007A2F36 /* Frameworks */ = {
			isa = PBXGroup;
			children = (
			);
			name = Frameworks;
			sourceTree = "<group>";
		};
		FA6ADA5A212B400400CCA326 = {
			isa = PBXGroup;
			children = (
				FA6ADA65212B400400CCA326 /* xgreek */,
				FA6ADA7A212B400500CCA326 /* xgreekTests */,
				FA6ADA85212B400600CCA326 /* xgreekUITests */,
				600A534B22CAFF8600F0D552 /* xgreek */,
				FA6ADA64212B400400CCA326 /* Products */,
				FA01603C214D9B35007A2F36 /* Frameworks */,
			);
			sourceTree = "<group>";
		};
		FA6ADA64212B400400CCA326 /* Products */ = {
			isa = PBXGroup;
			children = (
				600A534A22CAFF8600F0D552 /* xgreek.app */,
			);
			name = Products;
			sourceTree = "<group>";
		};
		FA6ADA65212B400400CCA326 /* xgreek */ = {
			isa = PBXGroup;
			children = (
				604F154422A7656B00BE6672 /* assets */,
				FA73F4A52131A33200CDFF13 /* xgreek.entitlements */,
				FA6ADA66212B400400CCA326 /* AppDelegate.swift */,
				FA6ADA68212B400400CCA326 /* ViewController.swift */,
				FA6ADA6A212B400400CCA326 /* Main.storyboard */,
				FA6ADA6D212B400500CCA326 /* Assets.xcassets */,
				FA6ADA6F212B400500CCA326 /* LaunchScreen.storyboard */,
				600A534422CAF33200F0D552 /* Info.plist */,
				60268C7122DE922D00D6C6CF /* InfoPlist.strings */,
			);
			path = xgreek;
			sourceTree = "<group>";
		};
		FA6ADA7A212B400500CCA326 /* xgreekTests */ = {
			isa = PBXGroup;
			children = (
				FA6ADA7B212B400500CCA326 /* xgreekTests.swift */,
				FA6ADA7D212B400500CCA326 /* Info.plist */,
			);
			path = xgreekTests;
			sourceTree = "<group>";
		};
		FA6ADA85212B400600CCA326 /* xgreekUITests */ = {
			isa = PBXGroup;
			children = (
				FA6ADA86212B400600CCA326 /* xgreekUITests.swift */,
				FA6ADA88212B400600CCA326 /* Info.plist */,
			);
			path = xgreekUITests;
			sourceTree = "<group>";
		};
/* End PBXGroup section */

/* Begin PBXNativeTarget section */
		600A534922CAFF8600F0D552 /* xgreek */ = {
			isa = PBXNativeTarget;
			buildConfigurationList = 600A535922CAFF8800F0D552 /* Build configuration list for PBXNativeTarget "xgreek" */;
			buildPhases = (
				600A534622CAFF8600F0D552 /* Sources */,
				600A534722CAFF8600F0D552 /* Frameworks */,
				600A534822CAFF8600F0D552 /* Resources */,
			);
			buildRules = (
			);
			dependencies = (
			);
			name = xgreek;
			productName = xgreek;
			productReference = 600A534A22CAFF8600F0D552 /* xgreek.app */;
			productType = "com.apple.product-type.application";
		};
/* End PBXNativeTarget section */

/* Begin PBXProject section */
		FA6ADA5B212B400400CCA326 /* Project object */ = {
			isa = PBXProject;
			attributes = {
				LastSwiftUpdateCheck = 1020;
				LastUpgradeCheck = 0940;
				ORGANIZATIONNAME = user144284;
				TargetAttributes = {
					600A534922CAFF8600F0D552 = {
						CreatedOnToolsVersion = 10.2.1;
						SystemCapabilities = {
							com.apple.Push = {
								enabled = 1;
							};
						};
					};
				};
			};
			buildConfigurationList = FA6ADA5E212B400400CCA326 /* Build configuration list for PBXProject "xgreek" */;
			compatibilityVersion = "Xcode 9.3";
			developmentRegion = en;
			hasScannedForEncodings = 0;
			knownRegions = (
				en,
				Base,
				"zh-Hant",
				"zh-Hans",
			);
			mainGroup = FA6ADA5A212B400400CCA326;
			productRefGroup = FA6ADA64212B400400CCA326 /* Products */;
			projectDirPath = "";
			projectRoot = "";
			targets = (
				600A534922CAFF8600F0D552 /* xgreek */,
			);
		};
/* End PBXProject section */

/* Begin PBXResourcesBuildPhase section */
		600A534822CAFF8600F0D552 /* Resources */ = {
			isa = PBXResourcesBuildPhase;
			buildActionMask = 2147483647;
			files = (
				600A535722CAFF8800F0D552 /* LaunchScreen.storyboard in Resources */,
				6050720222CBEA7C00308960 /* assets in Resources */,
				600A535422CAFF8800F0D552 /* Assets.xcassets in Resources */,
				600A535222CAFF8600F0D552 /* Main.storyboard in Resources */,
				60268C6F22DE922D00D6C6CF /* InfoPlist.strings in Resources */,
			);
			runOnlyForDeploymentPostprocessing = 0;
		};
/* End PBXResourcesBuildPhase section */

/* Begin PBXSourcesBuildPhase section */
		600A534622CAFF8600F0D552 /* Sources */ = {
			isa = PBXSourcesBuildPhase;
			buildActionMask = 2147483647;
			files = (
				600A534F22CAFF8600F0D552 /* ViewController.swift in Sources */,
				600A534D22CAFF8600F0D552 /* AppDelegate.swift in Sources */,
			);
			runOnlyForDeploymentPostprocessing = 0;
		};
/* End PBXSourcesBuildPhase section */

/* Begin PBXVariantGroup section */
		600A534422CAF33200F0D552 /* Info.plist */ = {
			isa = PBXVariantGroup;
			children = (
				600A534322CAF33200F0D552 /* en */,
				60268C6722DE8FDC00D6C6CF /* zh-Hant */,
				60268C6C22DE901000D6C6CF /* zh-Hans */,
			);
			name = Info.plist;
			sourceTree = "<group>";
		};
		600A535022CAFF8600F0D552 /* Main.storyboard */ = {
			isa = PBXVariantGroup;
			children = (
				600A535122CAFF8600F0D552 /* Base */,
				60268C6522DE8FD900D6C6CF /* zh-Hant */,
				60268C6A22DE900D00D6C6CF /* zh-Hans */,
			);
			name = Main.storyboard;
			sourceTree = "<group>";
		};
		600A535522CAFF8800F0D552 /* LaunchScreen.storyboard */ = {
			isa = PBXVariantGroup;
			children = (
				600A535622CAFF8800F0D552 /* Base */,
				60268C6222DE8DEA00D6C6CF /* en */,
				60268C6622DE8FDA00D6C6CF /* zh-Hant */,
				60268C6B22DE900F00D6C6CF /* zh-Hans */,
			);
			name = LaunchScreen.storyboard;
			sourceTree = "<group>";
		};
		60268C7122DE922D00D6C6CF /* InfoPlist.strings */ = {
			isa = PBXVariantGroup;
			children = (
				60268C7022DE922D00D6C6CF /* zh-Hant */,
				60268C7222DE924500D6C6CF /* zh-Hans */,
			);
			name = InfoPlist.strings;
			sourceTree = "<group>";
		};
		FA6ADA6A212B400400CCA326 /* Main.storyboard */ = {
			isa = PBXVariantGroup;
			children = (
				FA6ADA6B212B400400CCA326 /* Base */,
				60268C6322DE8FD600D6C6CF /* zh-Hant */,
				60268C6822DE900A00D6C6CF /* zh-Hans */,
			);
			name = Main.storyboard;
			sourceTree = "<group>";
		};
		FA6ADA6F212B400500CCA326 /* LaunchScreen.storyboard */ = {
			isa = PBXVariantGroup;
			children = (
				FA6ADA70212B400500CCA326 /* Base */,
				60268C6422DE8FD800D6C6CF /* zh-Hant */,
				60268C6922DE900C00D6C6CF /* zh-Hans */,
			);
			name = LaunchScreen.storyboard;
			sourceTree = "<group>";
		};
/* End PBXVariantGroup section */

/* Begin XCBuildConfiguration section */
		600A535A22CAFF8800F0D552 /* Debug */ = {
			isa = XCBuildConfiguration;
			buildSettings = {
				ASSETCATALOG_COMPILER_APPICON_NAME = AppIcon;
				CODE_SIGN_ENTITLEMENTS = xgreek/xgreek.entitlements;
				CODE_SIGN_STYLE = Automatic;
				CURRENT_PROJECT_VERSION = 1;
				DEVELOPMENT_TEAM = DJCL89LV6X;
				INFOPLIST_FILE = xgreek/Info.plist;
				IPHONEOS_DEPLOYMENT_TARGET = 10.3;
				LD_RUNPATH_SEARCH_PATHS = (
					"$(inherited)",
					"@executable_path/Frameworks",
				);
				MARKETING_VERSION = 3.1;
				MTL_ENABLE_DEBUG_INFO = INCLUDE_SOURCE;
				MTL_FAST_MATH = YES;
				PRODUCT_BUNDLE_IDENTIFIER = xgreek;
				PRODUCT_NAME = "$(TARGET_NAME)";
				SWIFT_VERSION = 5.0;
				TARGETED_DEVICE_FAMILY = "1,2";
			};
			name = Debug;
		};
		600A535B22CAFF8800F0D552 /* Release */ = {
			isa = XCBuildConfiguration;
			buildSettings = {
				ASSETCATALOG_COMPILER_APPICON_NAME = AppIcon;
				CODE_SIGN_ENTITLEMENTS = xgreek/xgreek.entitlements;
				CODE_SIGN_STYLE = Automatic;
				CURRENT_PROJECT_VERSION = 1;
				DEVELOPMENT_TEAM = DJCL89LV6X;
				INFOPLIST_FILE = xgreek/Info.plist;
				IPHONEOS_DEPLOYMENT_TARGET = 10.3;
				LD_RUNPATH_SEARCH_PATHS = (
					"$(inherited)",
					"@executable_path/Frameworks",
				);
				MARKETING_VERSION = 3.1;
				MTL_FAST_MATH = YES;
				PRODUCT_BUNDLE_IDENTIFIER = xgreek;
				PRODUCT_NAME = "$(TARGET_NAME)";
				SWIFT_VERSION = 5.0;
				TARGETED_DEVICE_FAMILY = "1,2";
			};
			name = Release;
		};
		FA6ADA89212B400600CCA326 /* Debug */ = {
			isa = XCBuildConfiguration;
			buildSettings = {
				ALWAYS_SEARCH_USER_PATHS = NO;
				CLANG_ANALYZER_LOCALIZABILITY_NONLOCALIZED = YES;
				CLANG_ANALYZER_NONNULL = YES;
				CLANG_ANALYZER_NUMBER_OBJECT_CONVERSION = YES_AGGRESSIVE;
				CLANG_CXX_LANGUAGE_STANDARD = "gnu++14";
				CLANG_CXX_LIBRARY = "libc++";
				CLANG_ENABLE_MODULES = YES;
				CLANG_ENABLE_OBJC_ARC = YES;
				CLANG_ENABLE_OBJC_WEAK = YES;
				CLANG_WARN_BLOCK_CAPTURE_AUTORELEASING = YES;
				CLANG_WARN_BOOL_CONVERSION = YES;
				CLANG_WARN_COMMA = YES;
				CLANG_WARN_CONSTANT_CONVERSION = YES;
				CLANG_WARN_DEPRECATED_OBJC_IMPLEMENTATIONS = YES;
				CLANG_WARN_DIRECT_OBJC_ISA_USAGE = YES_ERROR;
				CLANG_WARN_DOCUMENTATION_COMMENTS = YES;
				CLANG_WARN_EMPTY_BODY = YES;
				CLANG_WARN_ENUM_CONVERSION = YES;
				CLANG_WARN_INFINITE_RECURSION = YES;
				CLANG_WARN_INT_CONVERSION = YES;
				CLANG_WARN_NON_LITERAL_NULL_CONVERSION = YES;
				CLANG_WARN_OBJC_IMPLICIT_RETAIN_SELF = YES;
				CLANG_WARN_OBJC_LITERAL_CONVERSION = YES;
				CLANG_WARN_OBJC_ROOT_CLASS = YES_ERROR;
				CLANG_WARN_RANGE_LOOP_ANALYSIS = YES;
				CLANG_WARN_STRICT_PROTOTYPES = YES;
				CLANG_WARN_SUSPICIOUS_MOVE = YES;
				CLANG_WARN_UNGUARDED_AVAILABILITY = YES_AGGRESSIVE;
				CLANG_WARN_UNREACHABLE_CODE = YES;
				CLANG_WARN__DUPLICATE_METHOD_MATCH = YES;
				CODE_SIGN_IDENTITY = "iPhone Developer";
				COPY_PHASE_STRIP = NO;
				DEBUG_INFORMATION_FORMAT = dwarf;
				ENABLE_STRICT_OBJC_MSGSEND = YES;
				ENABLE_TESTABILITY = YES;
				GCC_C_LANGUAGE_STANDARD = gnu11;
				GCC_DYNAMIC_NO_PIC = NO;
				GCC_NO_COMMON_BLOCKS = YES;
				GCC_OPTIMIZATION_LEVEL = 0;
				GCC_PREPROCESSOR_DEFINITIONS = (
					"DEBUG=1",
					"$(inherited)",
				);
				GCC_WARN_64_TO_32_BIT_CONVERSION = YES;
				GCC_WARN_ABOUT_RETURN_TYPE = YES_ERROR;
				GCC_WARN_UNDECLARED_SELECTOR = YES;
				GCC_WARN_UNINITIALIZED_AUTOS = YES_AGGRESSIVE;
				GCC_WARN_UNUSED_FUNCTION = YES;
				GCC_WARN_UNUSED_VARIABLE = YES;
				IPHONEOS_DEPLOYMENT_TARGET = 11.4;
				MTL_ENABLE_DEBUG_INFO = YES;
				ONLY_ACTIVE_ARCH = YES;
				SDKROOT = iphoneos;
				SWIFT_ACTIVE_COMPILATION_CONDITIONS = DEBUG;
				SWIFT_OPTIMIZATION_LEVEL = "-Onone";
			};
			name = Debug;
		};
		FA6ADA8A212B400600CCA326 /* Release */ = {
			isa = XCBuildConfiguration;
			buildSettings = {
				ALWAYS_SEARCH_USER_PATHS = NO;
				CLANG_ANALYZER_LOCALIZABILITY_NONLOCALIZED = YES;
				CLANG_ANALYZER_NONNULL = YES;
				CLANG_ANALYZER_NUMBER_OBJECT_CONVERSION = YES_AGGRESSIVE;
				CLANG_CXX_LANGUAGE_STANDARD = "gnu++14";
				CLANG_CXX_LIBRARY = "libc++";
				CLANG_ENABLE_MODULES = YES;
				CLANG_ENABLE_OBJC_ARC = YES;
				CLANG_ENABLE_OBJC_WEAK = YES;
				CLANG_WARN_BLOCK_CAPTURE_AUTORELEASING = YES;
				CLANG_WARN_BOOL_CONVERSION = YES;
				CLANG_WARN_COMMA = YES;
				CLANG_WARN_CONSTANT_CONVERSION = YES;
				CLANG_WARN_DEPRECATED_OBJC_IMPLEMENTATIONS = YES;
				CLANG_WARN_DIRECT_OBJC_ISA_USAGE = YES_ERROR;
				CLANG_WARN_DOCUMENTATION_COMMENTS = YES;
				CLANG_WARN_EMPTY_BODY = YES;
				CLANG_WARN_ENUM_CONVERSION = YES;
				CLANG_WARN_INFINITE_RECURSION = YES;
				CLANG_WARN_INT_CONVERSION = YES;
				CLANG_WARN_NON_LITERAL_NULL_CONVERSION = YES;
				CLANG_WARN_OBJC_IMPLICIT_RETAIN_SELF = YES;
				CLANG_WARN_OBJC_LITERAL_CONVERSION = YES;
				CLANG_WARN_OBJC_ROOT_CLASS = YES_ERROR;
				CLANG_WARN_RANGE_LOOP_ANALYSIS = YES;
				CLANG_WARN_STRICT_PROTOTYPES = YES;
				CLANG_WARN_SUSPICIOUS_MOVE = YES;
				CLANG_WARN_UNGUARDED_AVAILABILITY = YES_AGGRESSIVE;
				CLANG_WARN_UNREACHABLE_CODE = YES;
				CLANG_WARN__DUPLICATE_METHOD_MATCH = YES;
				CODE_SIGN_IDENTITY = "iPhone Developer";
				COPY_PHASE_STRIP = NO;
				DEBUG_INFORMATION_FORMAT = "dwarf-with-dsym";
				ENABLE_NS_ASSERTIONS = NO;
				ENABLE_STRICT_OBJC_MSGSEND = YES;
				GCC_C_LANGUAGE_STANDARD = gnu11;
				GCC_NO_COMMON_BLOCKS = YES;
				GCC_WARN_64_TO_32_BIT_CONVERSION = YES;
				GCC_WARN_ABOUT_RETURN_TYPE = YES_ERROR;
				GCC_WARN_UNDECLARED_SELECTOR = YES;
				GCC_WARN_UNINITIALIZED_AUTOS = YES_AGGRESSIVE;
				GCC_WARN_UNUSED_FUNCTION = YES;
				GCC_WARN_UNUSED_VARIABLE = YES;
				IPHONEOS_DEPLOYMENT_TARGET = 11.4;
				MTL_ENABLE_DEBUG_INFO = NO;
				SDKROOT = iphoneos;
				SWIFT_COMPILATION_MODE = wholemodule;
				SWIFT_OPTIMIZATION_LEVEL = "-O";
				VALIDATE_PRODUCT = YES;
			};
			name = Release;
		};
/* End XCBuildConfiguration section */

/* Begin XCConfigurationList section */
		600A535922CAFF8800F0D552 /* Build configuration list for PBXNativeTarget "xgreek" */ = {
			isa = XCConfigurationList;
			buildConfigurations = (
				600A535A22CAFF8800F0D552 /* Debug */,
				600A535B22CAFF8800F0D552 /* Release */,
			);
			defaultConfigurationIsVisible = 0;
			defaultConfigurationName = Release;
		};
		FA6ADA5E212B400400CCA326 /* Build configuration list for PBXProject "xgreek" */ = {
			isa = XCConfigurationList;
			buildConfigurations = (
				FA6ADA89212B400600CCA326 /* Debug */,
				FA6ADA8A212B400600CCA326 /* Release */,
			);
			defaultConfigurationIsVisible = 0;
			defaultConfigurationName = Release;
		};
/* End XCConfigurationList section */
	};
	rootObject = FA6ADA5B212B400400CCA326 /* Project object */;
}
